// !$*UTF8*$!
{
	archiveVersion = 1;
	classes = {
	};
	objectVersion = 46;
	objects = {

/* Begin PBXBuildFile section */
		330F5F4E1A48C7E400921EA9 /* AppDelegate.swift in Sources */ = {isa = PBXBuildFile; fileRef = 330F5F4D1A48C7E400921EA9 /* AppDelegate.swift */; };
		330F5F501A48C7E400921EA9 /* ViewController.swift in Sources */ = {isa = PBXBuildFile; fileRef = 330F5F4F1A48C7E400921EA9 /* ViewController.swift */; };
		330F5F531A48C7E400921EA9 /* Main.storyboard in Resources */ = {isa = PBXBuildFile; fileRef = 330F5F511A48C7E400921EA9 /* Main.storyboard */; };
		330F5F551A48C7E400921EA9 /* Images.xcassets in Resources */ = {isa = PBXBuildFile; fileRef = 330F5F541A48C7E400921EA9 /* Images.xcassets */; };
		330F5F581A48C7E400921EA9 /* LaunchScreen.xib in Resources */ = {isa = PBXBuildFile; fileRef = 330F5F561A48C7E400921EA9 /* LaunchScreen.xib */; };
		330F5F641A48C7E400921EA9 /* PostcardTests.swift in Sources */ = {isa = PBXBuildFile; fileRef = 330F5F631A48C7E400921EA9 /* PostcardTests.swift */; };
		330F5F6E1A48EC9900921EA9 /* SagradaFamilia.jpeg in Resources */ = {isa = PBXBuildFile; fileRef = 330F5F6D1A48EC9900921EA9 /* SagradaFamilia.jpeg */; };
		33536C061A53B2100021D878 /* AlbertEinsteinStamp.jpg in Resources */ = {isa = PBXBuildFile; fileRef = 33536C051A53B2100021D878 /* AlbertEinsteinStamp.jpg */; };
/* End PBXBuildFile section */

/* Begin PBXContainerItemProxy section */
		330F5F5E1A48C7E400921EA9 /* PBXContainerItemProxy */ = {
			isa = PBXContainerItemProxy;
			containerPortal = 330F5F401A48C7E400921EA9 /* Project object */;
			proxyType = 1;
			remoteGlobalIDString = 330F5F471A48C7E400921EA9;
			remoteInfo = Postcard;
		};
/* End PBXContainerItemProxy section */

/* Begin PBXFileReference section */
		330F5F481A48C7E400921EA9 /* Postcard.app */ = {isa = PBXFileReference; explicitFileType = wrapper.application; includeInIndex = 0; path = Postcard.app; sourceTree = BUILT_PRODUCTS_DIR; };
		330F5F4C1A48C7E400921EA9 /* Info.plist */ = {isa = PBXFileReference; lastKnownFileType = text.plist.xml; path = Info.plist; sourceTree = "<group>"; };
		330F5F4D1A48C7E400921EA9 /* AppDelegate.swift */ = {isa = PBXFileReference; lastKnownFileType = sourcecode.swift; path = AppDelegate.swift; sourceTree = "<group>"; };
		330F5F4F1A48C7E400921EA9 /* ViewController.swift */ = {isa = PBXFileReference; lastKnownFileType = sourcecode.swift; path = ViewController.swift; sourceTree = "<group>"; };
		330F5F521A48C7E400921EA9 /* Base */ = {isa = PBXFileReference; lastKnownFileType = file.storyboard; name = Base; path = Base.lproj/Main.storyboard; sourceTree = "<group>"; };
		330F5F541A48C7E400921EA9 /* Images.xcassets */ = {isa = PBXFileReference; lastKnownFileType = folder.assetcatalog; path = Images.xcassets; sourceTree = "<group>"; };
		330F5F571A48C7E400921EA9 /* Base */ = {isa = PBXFileReference; lastKnownFileType = file.xib; name = Base; path = Base.lproj/LaunchScreen.xib; sourceTree = "<group>"; };
		330F5F5D1A48C7E400921EA9 /* PostcardTests.xctest */ = {isa = PBXFileReference; explicitFileType = wrapper.cfbundle; includeInIndex = 0; path = PostcardTests.xctest; sourceTree = BUILT_PRODUCTS_DIR; };
		330F5F621A48C7E400921EA9 /* Info.plist */ = {isa = PBXFileReference; lastKnownFileType = text.plist.xml; path = Info.plist; sourceTree = "<group>"; };
		330F5F631A48C7E400921EA9 /* PostcardTests.swift */ = {isa = PBXFileReference; lastKnownFileType = sourcecode.swift; path = PostcardTests.swift; sourceTree = "<group>"; };
		330F5F6D1A48EC9900921EA9 /* SagradaFamilia.jpeg */ = {isa = PBXFileReference; lastKnownFileType = image.jpeg; path = SagradaFamilia.jpeg; sourceTree = "<group>"; };
		33536C051A53B2100021D878 /* AlbertEinsteinStamp.jpg */ = {isa = PBXFileReference; lastKnownFileType = image.jpeg; path = AlbertEinsteinStamp.jpg; sourceTree = "<group>"; };
/* End PBXFileReference section */

/* Begin PBXFrameworksBuildPhase section */
		330F5F451A48C7E400921EA9 /* Frameworks */ = {
			isa = PBXFrameworksBuildPhase;
			buildActionMask = 2147483647;
			files = (
			);
			runOnlyForDeploymentPostprocessing = 0;
		};
		330F5F5A1A48C7E400921EA9 /* Frameworks */ = {
			isa = PBXFrameworksBuildPhase;
			buildActionMask = 2147483647;
			files = (
			);
			runOnlyForDeploymentPostprocessing = 0;
		};
/* End PBXFrameworksBuildPhase section */

/* Begin PBXGroup section */
		330F5F3F1A48C7E400921EA9 = {
			isa = PBXGroup;
			children = (
				330F5F4A1A48C7E400921EA9 /* Postcard */,
				330F5F601A48C7E400921EA9 /* PostcardTests */,
				330F5F491A48C7E400921EA9 /* Products */,
			);
			sourceTree = "<group>";
		};
		330F5F491A48C7E400921EA9 /* Products */ = {
			isa = PBXGroup;
			children = (
				330F5F481A48C7E400921EA9 /* Postcard.app */,
				330F5F5D1A48C7E400921EA9 /* PostcardTests.xctest */,
			);
			name = Products;
			sourceTree = "<group>";
		};
		330F5F4A1A48C7E400921EA9 /* Postcard */ = {
			isa = PBXGroup;
			children = (
				330F5F4D1A48C7E400921EA9 /* AppDelegate.swift */,
				330F5F4F1A48C7E400921EA9 /* ViewController.swift */,
				330F5F511A48C7E400921EA9 /* Main.storyboard */,
				330F5F541A48C7E400921EA9 /* Images.xcassets */,
				330F5F561A48C7E400921EA9 /* LaunchScreen.xib */,
				330F5F4B1A48C7E400921EA9 /* Supporting Files */,
			);
			path = Postcard;
			sourceTree = "<group>";
		};
		330F5F4B1A48C7E400921EA9 /* Supporting Files */ = {
			isa = PBXGroup;
			children = (
				33536C051A53B2100021D878 /* AlbertEinsteinStamp.jpg */,
				330F5F6D1A48EC9900921EA9 /* SagradaFamilia.jpeg */,
				330F5F4C1A48C7E400921EA9 /* Info.plist */,
			);
			name = "Supporting Files";
			sourceTree = "<group>";
		};
		330F5F601A48C7E400921EA9 /* PostcardTests */ = {
			isa = PBXGroup;
			children = (
				330F5F631A48C7E400921EA9 /* PostcardTests.swift */,
				330F5F611A48C7E400921EA9 /* Supporting Files */,
			);
			path = PostcardTests;
			sourceTree = "<group>";
		};
		330F5F611A48C7E400921EA9 /* Supporting Files */ = {
			isa = PBXGroup;
			children = (
				330F5F621A48C7E400921EA9 /* Info.plist */,
			);
			name = "Supporting Files";
			sourceTree = "<group>";
		};
/* End PBXGroup section */

/* Begin PBXNativeTarget section */
		330F5F471A48C7E400921EA9 /* Postcard */ = {
			isa = PBXNativeTarget;
			buildConfigurationList = 330F5F671A48C7E400921EA9 /* Build configuration list for PBXNativeTarget "Postcard" */;
			buildPhases = (
				330F5F441A48C7E400921EA9 /* Sources */,
				330F5F451A48C7E400921EA9 /* Frameworks */,
				330F5F461A48C7E400921EA9 /* Resources */,
			);
			buildRules = (
			);
			dependencies = (
			);
			name = Postcard;
			productName = Postcard;
			productReference = 330F5F481A48C7E400921EA9 /* Postcard.app */;
			productType = "com.apple.product-type.application";
		};
		330F5F5C1A48C7E400921EA9 /* PostcardTests */ = {
			isa = PBXNativeTarget;
			buildConfigurationList = 330F5F6A1A48C7E400921EA9 /* Build configuration list for PBXNativeTarget "PostcardTests" */;
			buildPhases = (
				330F5F591A48C7E400921EA9 /* Sources */,
				330F5F5A1A48C7E400921EA9 /* Frameworks */,
				330F5F5B1A48C7E400921EA9 /* Resources */,
			);
			buildRules = (
			);
			dependencies = (
				330F5F5F1A48C7E400921EA9 /* PBXTargetDependency */,
			);
			name = PostcardTests;
			productName = PostcardTests;
			productReference = 330F5F5D1A48C7E400921EA9 /* PostcardTests.xctest */;
			productType = "com.apple.product-type.bundle.unit-test";
		};
/* End PBXNativeTarget section */

/* Begin PBXProject section */
		330F5F401A48C7E400921EA9 /* Project object */ = {
			isa = PBXProject;
			attributes = {
				LastUpgradeCheck = 0610;
				ORGANIZATIONNAME = "Miguel T Rivera";
				TargetAttributes = {
					330F5F471A48C7E400921EA9 = {
						CreatedOnToolsVersion = 6.1.1;
					};
					330F5F5C1A48C7E400921EA9 = {
						CreatedOnToolsVersion = 6.1.1;
						TestTargetID = 330F5F471A48C7E400921EA9;
					};
				};
			};
			buildConfigurationList = 330F5F431A48C7E400921EA9 /* Build configuration list for PBXProject "Postcard" */;
			compatibilityVersion = "Xcode 3.2";
			developmentRegion = English;
			hasScannedForEncodings = 0;
			knownRegions = (
				en,
				Base,
			);
			mainGroup = 330F5F3F1A48C7E400921EA9;
			productRefGroup = 330F5F491A48C7E400921EA9 /* Products */;
			projectDirPath = "";
			projectRoot = "";
			targets = (
				330F5F471A48C7E400921EA9 /* Postcard */,
				330F5F5C1A48C7E400921EA9 /* PostcardTests */,
			);
		};
/* End PBXProject section */

/* Begin PBXResourcesBuildPhase section */
		330F5F461A48C7E400921EA9 /* Resources */ = {
			isa = PBXResourcesBuildPhase;
			buildActionMask = 2147483647;
			files = (
				330F5F531A48C7E400921EA9 /* Main.storyboard in Resources */,
				330F5F6E1A48EC9900921EA9 /* SagradaFamilia.jpeg in Resources */,
				33536C061A53B2100021D878 /* AlbertEinsteinStamp.jpg in Resources */,
				330F5F581A48C7E400921EA9 /* LaunchScreen.xib in Resources */,
				330F5F551A48C7E400921EA9 /* Images.xcassets in Resources */,
			);
			runOnlyForDeploymentPostprocessing = 0;
		};
		330F5F5B1A48C7E400921EA9 /* Resources */ = {
			isa = PBXResourcesBuildPhase;
			buildActionMask = 2147483647;
			files = (
			);
			runOnlyForDeploymentPostprocessing = 0;
		};
/* End PBXResourcesBuildPhase section */

/* Begin PBXSourcesBuildPhase section */
		330F5F441A48C7E400921EA9 /* Sources */ = {
			isa = PBXSourcesBuildPhase;
			buildActionMask = 2147483647;
			files = (
				330F5F501A48C7E400921EA9 /* ViewController.swift in Sources */,
				330F5F4E1A48C7E400921EA9 /* AppDelegate.swift in Sources */,
			);
			runOnlyForDeploymentPostprocessing = 0;
		};
		330F5F591A48C7E400921EA9 /* Sources */ = {
			isa = PBXSourcesBuildPhase;
			buildActionMask = 2147483647;
			files = (
				330F5F641A48C7E400921EA9 /* PostcardTests.swift in Sources */,
			);
			runOnlyForDeploymentPostprocessing = 0;
		};
/* End PBXSourcesBuildPhase section */

/* Begin PBXTargetDependency section */
		330F5F5F1A48C7E400921EA9 /* PBXTargetDependency */ = {
			isa = PBXTargetDependency;
			target = 330F5F471A48C7E400921EA9 /* Postcard */;
			targetProxy = 330F5F5E1A48C7E400921EA9 /* PBXContainerItemProxy */;
		};
/* End PBXTargetDependency section */

/* Begin PBXVariantGroup section */
		330F5F511A48C7E400921EA9 /* Main.storyboard */ = {
			isa = PBXVariantGroup;
			children = (
				330F5F521A48C7E400921EA9 /* Base */,
			);
			name = Main.storyboard;
			sourceTree = "<group>";
		};
		330F5F561A48C7E400921EA9 /* LaunchScreen.xib */ = {
			isa = PBXVariantGroup;
			children = (
				330F5F571A48C7E400921EA9 /* Base */,
			);
			name = LaunchScreen.xib;
			sourceTree = "<group>";
		};
/* End PBXVariantGroup section */

/* Begin XCBuildConfiguration section */
		330F5F651A48C7E400921EA9 /* Debug */ = {
			isa = XCBuildConfiguration;
			buildSettings = {
				ALWAYS_SEARCH_USER_PATHS = NO;
				CLANG_CXX_LANGUAGE_STANDARD = "gnu++0x";
				CLANG_CXX_LIBRARY = "libc++";
				CLANG_ENABLE_MODULES = YES;
				CLANG_ENABLE_OBJC_ARC = YES;
				CLANG_WARN_BOOL_CONVERSION = YES;
				CLANG_WARN_CONSTANT_CONVERSION = YES;
				CLANG_WARN_DIRECT_OBJC_ISA_USAGE = YES_ERROR;
				CLANG_WARN_EMPTY_BODY = YES;
				CLANG_WARN_ENUM_CONVERSION = YES;
				CLANG_WARN_INT_CONVERSION = YES;
				CLANG_WARN_OBJC_ROOT_CLASS = YES_ERROR;
				CLANG_WARN_UNREACHABLE_CODE = YES;
				CLANG_WARN__DUPLICATE_METHOD_MATCH = YES;
				"CODE_SIGN_IDENTITY[sdk=iphoneos*]" = "iPhone Developer";
				COPY_PHASE_STRIP = NO;
				ENABLE_STRICT_OBJC_MSGSEND = YES;
				GCC_C_LANGUAGE_STANDARD = gnu99;
				GCC_DYNAMIC_NO_PIC = NO;
				GCC_OPTIMIZATION_LEVEL = 0;
				GCC_PREPROCESSOR_DEFINITIONS = (
					"DEBUG=1",
					"$(inherited)",
				);
				GCC_SYMBOLS_PRIVATE_EXTERN = NO;
				GCC_WARN_64_TO_32_BIT_CONVERSION = YES;
				GCC_WARN_ABOUT_RETURN_TYPE = YES_ERROR;
				GCC_WARN_UNDECLARED_SELECTOR = YES;
				GCC_WARN_UNINITIALIZED_AUTOS = YES_AGGRESSIVE;
				GCC_WARN_UNUSED_FUNCTION = YES;
				GCC_WARN_UNUSED_VARIABLE = YES;
				IPHONEOS_DEPLOYMENT_TARGET = 8.1;
				MTL_ENABLE_DEBUG_INFO = YES;
				ONLY_ACTIVE_ARCH = YES;
				SDKROOT = iphoneos;
				SWIFT_OPTIMIZATION_LEVEL = "-Onone";
				TARGETED_DEVICE_FAMILY = "1,2";
			};
			name = Debug;
		};
		330F5F661A48C7E400921EA9 /* Release */ = {
			isa = XCBuildConfiguration;
			buildSettings = {
				ALWAYS_SEARCH_USER_PATHS = NO;
				CLANG_CXX_LANGUAGE_STANDARD = "gnu++0x";
				CLANG_CXX_LIBRARY = "libc++";
				CLANG_ENABLE_MODULES = YES;
				CLANG_ENABLE_OBJC_ARC = YES;
				CLANG_WARN_BOOL_CONVERSION = YES;
				CLANG_WARN_CONSTANT_CONVERSION = YES;
				CLANG_WARN_DIRECT_OBJC_ISA_USAGE = YES_ERROR;
				CLANG_WARN_EMPTY_BODY = YES;
				CLANG_WARN_ENUM_CONVERSION = YES;
				CLANG_WARN_INT_CONVERSION = YES;
				CLANG_WARN_OBJC_ROOT_CLASS = YES_ERROR;
				CLANG_WARN_UNREACHABLE_CODE = YES;
				CLANG_WARN__DUPLICATE_METHOD_MATCH = YES;
				"CODE_SIGN_IDENTITY[sdk=iphoneos*]" = "iPhone Developer";
				COPY_PHASE_STRIP = YES;
				ENABLE_NS_ASSERTIONS = NO;
				ENABLE_STRICT_OBJC_MSGSEND = YES;
				GCC_C_LANGUAGE_STANDARD = gnu99;
				GCC_WARN_64_TO_32_BIT_CONVERSION = YES;
				GCC_WARN_ABOUT_RETURN_TYPE = YES_ERROR;
				GCC_WARN_UNDECLARED_SELECTOR = YES;
				GCC_WARN_UNINITIALIZED_AUTOS = YES_AGGRESSIVE;
				GCC_WARN_UNUSED_FUNCTION = YES;
				GCC_WARN_UNUSED_VARIABLE = YES;
				IPHONEOS_DEPLOYMENT_TARGET = 8.1;
				MTL_ENABLE_DEBUG_INFO = NO;
				SDKROOT = iphoneos;
				TARGETED_DEVICE_FAMILY = "1,2";
				VALIDATE_PRODUCT = YES;
			};
			name = Release;
		};
		330F5F681A48C7E400921EA9 /* Debug */ = {
			isa = XCBuildConfiguration;
			buildSettings = {
				ASSETCATALOG_COMPILER_APPICON_NAME = AppIcon;
				INFOPLIST_FILE = Postcard/Info.plist;
				LD_RUNPATH_SEARCH_PATHS = "$(inherited) @executable_path/Frameworks";
				PRODUCT_NAME = "$(TARGET_NAME)";
			};
			name = Debug;
		};
		330F5F691A48C7E400921EA9 /* Release */ = {
			isa = XCBuildConfiguration;
			buildSettings = {
				ASSETCATALOG_COMPILER_APPICON_NAME = AppIcon;
				INFOPLIST_FILE = Postcard/Info.plist;
				LD_RUNPATH_SEARCH_PATHS = "$(inherited) @executable_path/Frameworks";
				PRODUCT_NAME = "$(TARGET_NAME)";
			};
			name = Release;
		};
		330F5F6B1A48C7E400921EA9 /* Debug */ = {
			isa = XCBuildConfiguration;
			buildSettings = {
				BUNDLE_LOADER = "$(TEST_HOST)";
				FRAMEWORK_SEARCH_PATHS = (
					"$(SDKROOT)/Developer/Library/Frameworks",
					"$(inherited)",
				);
				GCC_PREPROCESSOR_DEFINITIONS = (
					"DEBUG=1",
					"$(inherited)",
				);
				INFOPLIST_FILE = PostcardTests/Info.plist;
				LD_RUNPATH_SEARCH_PATHS = "$(inherited) @executable_path/Frameworks @loader_path/Frameworks";
				PRODUCT_NAME = "$(TARGET_NAME)";
				TEST_HOST = "$(BUILT_PRODUCTS_DIR)/Postcard.app/Postcard";
			};
			name = Debug;
		};
		330F5F6C1A48C7E400921EA9 /* Release */ = {
			isa = XCBuildConfiguration;
			buildSettings = {
				BUNDLE_LOADER = "$(TEST_HOST)";
				FRAMEWORK_SEARCH_PATHS = (
					"$(SDKROOT)/Developer/Library/Frameworks",
					"$(inherited)",
				);
				INFOPLIST_FILE = PostcardTests/Info.plist;
				LD_RUNPATH_SEARCH_PATHS = "$(inherited) @executable_path/Frameworks @loader_path/Frameworks";
				PRODUCT_NAME = "$(TARGET_NAME)";
				TEST_HOST = "$(BUILT_PRODUCTS_DIR)/Postcard.app/Postcard";
			};
			name = Release;
		};
/* End XCBuildConfiguration section */

/* Begin XCConfigurationList section */
		330F5F431A48C7E400921EA9 /* Build configuration list for PBXProject "Postcard" */ = {
			isa = XCConfigurationList;
			buildConfigurations = (
				330F5F651A48C7E400921EA9 /* Debug */,
				330F5F661A48C7E400921EA9 /* Release */,
			);
			defaultConfigurationIsVisible = 0;
			defaultConfigurationName = Release;
		};
		330F5F671A48C7E400921EA9 /* Build configuration list for PBXNativeTarget "Postcard" */ = {
			isa = XCConfigurationList;
			buildConfigurations = (
				330F5F681A48C7E400921EA9 /* Debug */,
				330F5F691A48C7E400921EA9 /* Release */,
			);
			defaultConfigurationIsVisible = 0;
			defaultConfigurationName = Release;
		};
		330F5F6A1A48C7E400921EA9 /* Build configuration list for PBXNativeTarget "PostcardTests" */ = {
			isa = XCConfigurationList;
			buildConfigurations = (
				330F5F6B1A48C7E400921EA9 /* Debug */,
				330F5F6C1A48C7E400921EA9 /* Release */,
			);
			defaultConfigurationIsVisible = 0;
			defaultConfigurationName = Release;
		};
/* End XCConfigurationList section */
	};
	rootObject = 330F5F401A48C7E400921EA9 /* Project object */;
}
